<?xml version="1.0" encoding="utf-8"?>
<Project ToolsVersion="4.0" xmlns="http://schemas.microsoft.com/developer/msbuild/2003">
  <ItemGroup>
    <ClInclude Include="stdafx.h" />
    <ClInclude Include="targetver.h" />
    <ClInclude Include="inputmanager.h" />
    <ClInclude Include="Window\util.h" />
    <ClInclude Include="util.h" />
    <ClInclude Include="WinBoy.h" />
    <ClInclude Include="Window\buffer.h">
      <Filter>Window</Filter>
    </ClInclude>
    <ClInclude Include="Window\bufferallocator.h">
      <Filter>Window</Filter>
    </ClInclude>
    <ClInclude Include="Window\color.h">
      <Filter>Window</Filter>
    </ClInclude>
    <ClInclude Include="Window\gdibufferallocator.h">
      <Filter>Window</Filter>
    </ClInclude>
    <ClInclude Include="Window\memorybufferallocator.h">
      <Filter>Window</Filter>
    </ClInclude>
    <ClInclude Include="Window\window.h">
      <Filter>Window</Filter>
    </ClInclude>
    <ClInclude Include="audiooutput.h" />
  </ItemGroup>
  <ItemGroup>
    <ClCompile Include="WinBoy.cpp" />
    <ClCompile Include="stdafx.cpp" />
    <ClCompile Include="inputmanager.cpp" />
    <ClCompile Include="Window\buffer.cpp">
      <Filter>Window</Filter>
    </ClCompile>
    <ClCompile Include="Window\bufferallocator.cpp">
      <Filter>Window</Filter>
    </ClCompile>
    <ClCompile Include="Window\gdibufferallocator.cpp">
      <Filter>Window</Filter>
    </ClCompile>
    <ClCompile Include="Window\memorybufferallocator.cpp">
      <Filter>Window</Filter>
    </ClCompile>
    <ClCompile Include="Window\window.cpp">
      <Filter>Window</Filter>
    </ClCompile>
    <ClCompile Include="audiooutput.cpp" />
  </ItemGroup>
  <ItemGroup>
    <Filter Include="Window">
      <UniqueIdentifier>{e0b2bc26-b236-4d16-a087-87f203b045fc}</UniqueIdentifier>
    </Filter>
  </ItemGroup>
</Project>