<?xml version="1.0" encoding="utf-8"?>
<Project ToolsVersion="4.0" xmlns="http://schemas.microsoft.com/developer/msbuild/2003">
  <ItemGroup>
    <ClInclude Include="libdmg.h" />
    <ClInclude Include="cpu.h" />
    <ClInclude Include="environment.h" />
    <ClInclude Include="cartridge.h" />
    <ClInclude Include="emulator.h" />
    <ClInclude Include="gameboy.h" />
    <ClInclude Include="memory.h" />
    <ClInclude Include="debug.h" />
    <ClInclude Include="util.h" />
    <ClInclude Include="timer.h" />
    <ClInclude Include="input.h" />
    <ClInclude Include="video.h" />
    <ClInclude Include="memorybank.h" />
    <ClInclude Include="memorybuffer.h" />
    <ClInclude Include="mbc1.h" />
  </ItemGroup>
  <ItemGroup>
    <ClCompile Include="cpu.cpp" />
    <ClCompile Include="cartridge.cpp" />
    <ClCompile Include="emulator.cpp" />
    <ClCompile Include="memory.cpp" />
    <ClCompile Include="instructions.cpp" />
    <ClCompile Include="timer.cpp" />
    <ClCompile Include="input.cpp" />
    <ClCompile Include="video.cpp" />
  </ItemGroup>
</Project>